
Microsoft Visual Studio Solution File, Format Version 12.00
# Visual Studio 15
VisualStudioVersion = 15.0.28307.421
MinimumVisualStudioVersion = 10.0.40219.1
Project("{FAE04EC0-301F-11D3-BF4B-00C04F79EFBC}") = "Problem0020", "Problem0020\Problem0020.csproj", "{20ADED4B-91E0-4092-947B-DC8DCE4E2D87}"
EndProject
Project("{FAE04EC0-301F-11D3-BF4B-00C04F79EFBC}") = "Problem0015", "..\Problem0015\Problem0015\Problem0015.csproj", "{CA1A3A9C-4A64-4D71-9056-584ADD36846F}"
EndProject
Project("{9A19103F-16F7-4668-BE54-9A1E7A4F7556}") = "Problem0015.UnitTests", "..\Problem0015\Problem0015.UnitTests\Problem0015.UnitTests.csproj", "{541B539D-ACEB-4028-9DC0-FE2EDF0343EA}"
EndProject
Global
	GlobalSection(SolutionConfigurationPlatforms) = preSolution
		Debug|Any CPU = Debug|Any CPU
		Release|Any CPU = Release|Any CPU
	EndGlobalSection
	GlobalSection(ProjectConfigurationPlatforms) = postSolution
		{20ADED4B-91E0-4092-947B-DC8DCE4E2D87}.Debug|Any CPU.ActiveCfg = Debug|Any CPU
		{20ADED4B-91E0-4092-947B-DC8DCE4E2D87}.Debug|Any CPU.Build.0 = Debug|Any CPU
		{20ADED4B-91E0-4092-947B-DC8DCE4E2D87}.Release|Any CPU.ActiveCfg = Release|Any CPU
		{20ADED4B-91E0-4092-947B-DC8DCE4E2D87}.Release|Any CPU.Build.0 = Release|Any CPU
		{CA1A3A9C-4A64-4D71-9056-584ADD36846F}.Debug|Any CPU.ActiveCfg = Debug|Any CPU
		{CA1A3A9C-4A64-4D71-9056-584ADD36846F}.Debug|Any CPU.Build.0 = Debug|Any CPU
		{CA1A3A9C-4A64-4D71-9056-584ADD36846F}.Release|Any CPU.ActiveCfg = Release|Any CPU
		{CA1A3A9C-4A64-4D71-9056-584ADD36846F}.Release|Any CPU.Build.0 = Release|Any CPU
		{541B539D-ACEB-4028-9DC0-FE2EDF0343EA}.Debug|Any CPU.ActiveCfg = Debug|Any CPU
		{541B539D-ACEB-4028-9DC0-FE2EDF0343EA}.Debug|Any CPU.Build.0 = Debug|Any CPU
		{541B539D-ACEB-4028-9DC0-FE2EDF0343EA}.Release|Any CPU.ActiveCfg = Release|Any CPU
		{541B539D-ACEB-4028-9DC0-FE2EDF0343EA}.Release|Any CPU.Build.0 = Release|Any CPU
	EndGlobalSection
	GlobalSection(SolutionProperties) = preSolution
		HideSolutionNode = FALSE
	EndGlobalSection
	GlobalSection(ExtensibilityGlobals) = postSolution
		SolutionGuid = {F6725BDF-05E1-457B-8E13-BDEEB40D49AC}
	EndGlobalSection
EndGlobal
