
Microsoft Visual Studio Solution File, Format Version 12.00
# Visual Studio 15
VisualStudioVersion = 15.0.28307.329
MinimumVisualStudioVersion = 10.0.40219.1
Project("{FAE04EC0-301F-11D3-BF4B-00C04F79EFBC}") = "Problem0010", "Problem0010\Problem0010.csproj", "{57961866-6201-4527-9DD9-DE415D697AD0}"
EndProject
Project("{FAE04EC0-301F-11D3-BF4B-00C04F79EFBC}") = "Problem0003", "..\Problem0003\Problem0003\Problem0003.csproj", "{6DDDBA8F-83B5-4E94-AB7F-5935C08EDC7A}"
EndProject
Project("{9A19103F-16F7-4668-BE54-9A1E7A4F7556}") = "Problem0003.UnitTests", "..\Problem0003\Problem0003.UnitTests\Problem0003.UnitTests.csproj", "{EA07BC43-DC99-4E79-9069-13FBE13A9DB4}"
EndProject
Global
	GlobalSection(SolutionConfigurationPlatforms) = preSolution
		Debug|Any CPU = Debug|Any CPU
		Release|Any CPU = Release|Any CPU
	EndGlobalSection
	GlobalSection(ProjectConfigurationPlatforms) = postSolution
		{57961866-6201-4527-9DD9-DE415D697AD0}.Debug|Any CPU.ActiveCfg = Debug|Any CPU
		{57961866-6201-4527-9DD9-DE415D697AD0}.Debug|Any CPU.Build.0 = Debug|Any CPU
		{57961866-6201-4527-9DD9-DE415D697AD0}.Release|Any CPU.ActiveCfg = Release|Any CPU
		{57961866-6201-4527-9DD9-DE415D697AD0}.Release|Any CPU.Build.0 = Release|Any CPU
		{6DDDBA8F-83B5-4E94-AB7F-5935C08EDC7A}.Debug|Any CPU.ActiveCfg = Debug|Any CPU
		{6DDDBA8F-83B5-4E94-AB7F-5935C08EDC7A}.Debug|Any CPU.Build.0 = Debug|Any CPU
		{6DDDBA8F-83B5-4E94-AB7F-5935C08EDC7A}.Release|Any CPU.ActiveCfg = Release|Any CPU
		{6DDDBA8F-83B5-4E94-AB7F-5935C08EDC7A}.Release|Any CPU.Build.0 = Release|Any CPU
		{EA07BC43-DC99-4E79-9069-13FBE13A9DB4}.Debug|Any CPU.ActiveCfg = Debug|Any CPU
		{EA07BC43-DC99-4E79-9069-13FBE13A9DB4}.Debug|Any CPU.Build.0 = Debug|Any CPU
		{EA07BC43-DC99-4E79-9069-13FBE13A9DB4}.Release|Any CPU.ActiveCfg = Release|Any CPU
		{EA07BC43-DC99-4E79-9069-13FBE13A9DB4}.Release|Any CPU.Build.0 = Release|Any CPU
	EndGlobalSection
	GlobalSection(SolutionProperties) = preSolution
		HideSolutionNode = FALSE
	EndGlobalSection
	GlobalSection(ExtensibilityGlobals) = postSolution
		SolutionGuid = {8AD29D61-399A-4BCB-8BF2-FAA4C950C59B}
	EndGlobalSection
EndGlobal
