
Microsoft Visual Studio Solution File, Format Version 12.00
# Visual Studio 15
VisualStudioVersion = 15.0.28307.329
MinimumVisualStudioVersion = 10.0.40219.1
Project("{FAE04EC0-301F-11D3-BF4B-00C04F79EFBC}") = "Problem0008", "Problem0008\Problem0008.csproj", "{EEA38B23-FE05-4D0B-ACDF-73597BA09E50}"
EndProject
Project("{FAE04EC0-301F-11D3-BF4B-00C04F79EFBC}") = "Problem0008.UnitTests", "UnitTestProject1\Problem0008.UnitTests.csproj", "{3C6CE4DA-4850-4854-BCAF-4DADB92E5B47}"
EndProject
Global
	GlobalSection(SolutionConfigurationPlatforms) = preSolution
		Debug|Any CPU = Debug|Any CPU
		Release|Any CPU = Release|Any CPU
	EndGlobalSection
	GlobalSection(ProjectConfigurationPlatforms) = postSolution
		{EEA38B23-FE05-4D0B-ACDF-73597BA09E50}.Debug|Any CPU.ActiveCfg = Debug|Any CPU
		{EEA38B23-FE05-4D0B-ACDF-73597BA09E50}.Debug|Any CPU.Build.0 = Debug|Any CPU
		{EEA38B23-FE05-4D0B-ACDF-73597BA09E50}.Release|Any CPU.ActiveCfg = Release|Any CPU
		{EEA38B23-FE05-4D0B-ACDF-73597BA09E50}.Release|Any CPU.Build.0 = Release|Any CPU
		{3C6CE4DA-4850-4854-BCAF-4DADB92E5B47}.Debug|Any CPU.ActiveCfg = Debug|Any CPU
		{3C6CE4DA-4850-4854-BCAF-4DADB92E5B47}.Debug|Any CPU.Build.0 = Debug|Any CPU
		{3C6CE4DA-4850-4854-BCAF-4DADB92E5B47}.Release|Any CPU.ActiveCfg = Release|Any CPU
		{3C6CE4DA-4850-4854-BCAF-4DADB92E5B47}.Release|Any CPU.Build.0 = Release|Any CPU
	EndGlobalSection
	GlobalSection(SolutionProperties) = preSolution
		HideSolutionNode = FALSE
	EndGlobalSection
	GlobalSection(ExtensibilityGlobals) = postSolution
		SolutionGuid = {BEBA9967-2C37-44C4-A513-5CCA1B9DDD66}
	EndGlobalSection
EndGlobal
