
Microsoft Visual Studio Solution File, Format Version 12.00
# Visual Studio 15
VisualStudioVersion = 15.0.28307.329
MinimumVisualStudioVersion = 10.0.40219.1
Project("{FAE04EC0-301F-11D3-BF4B-00C04F79EFBC}") = "Problem0005", "Problem0005\Problem0005.csproj", "{3084152F-D56C-4D58-9BF9-DF04105F62C6}"
EndProject
Global
	GlobalSection(SolutionConfigurationPlatforms) = preSolution
		Debug|Any CPU = Debug|Any CPU
		Release|Any CPU = Release|Any CPU
	EndGlobalSection
	GlobalSection(ProjectConfigurationPlatforms) = postSolution
		{3084152F-D56C-4D58-9BF9-DF04105F62C6}.Debug|Any CPU.ActiveCfg = Debug|Any CPU
		{3084152F-D56C-4D58-9BF9-DF04105F62C6}.Debug|Any CPU.Build.0 = Debug|Any CPU
		{3084152F-D56C-4D58-9BF9-DF04105F62C6}.Release|Any CPU.ActiveCfg = Release|Any CPU
		{3084152F-D56C-4D58-9BF9-DF04105F62C6}.Release|Any CPU.Build.0 = Release|Any CPU
	EndGlobalSection
	GlobalSection(SolutionProperties) = preSolution
		HideSolutionNode = FALSE
	EndGlobalSection
	GlobalSection(ExtensibilityGlobals) = postSolution
		SolutionGuid = {C9EC8062-9830-4C65-A502-C717D6CB6070}
	EndGlobalSection
EndGlobal
