
Microsoft Visual Studio Solution File, Format Version 12.00
# Visual Studio 15
VisualStudioVersion = 15.0.28010.2046
MinimumVisualStudioVersion = 10.0.40219.1
Project("{FAE04EC0-301F-11D3-BF4B-00C04F79EFBC}") = "Problem0003", "Problem0003\Problem0003.csproj", "{6DDDBA8F-83B5-4E94-AB7F-5935C08EDC7A}"
EndProject
Project("{FAE04EC0-301F-11D3-BF4B-00C04F79EFBC}") = "Problem0003.UnitTests", "Problem0003.UnitTests\Problem0003.UnitTests.csproj", "{558FC341-D641-4CEE-A073-D1433D456567}"
EndProject
Global
	GlobalSection(SolutionConfigurationPlatforms) = preSolution
		Debug|Any CPU = Debug|Any CPU
		Release|Any CPU = Release|Any CPU
	EndGlobalSection
	GlobalSection(ProjectConfigurationPlatforms) = postSolution
		{6DDDBA8F-83B5-4E94-AB7F-5935C08EDC7A}.Debug|Any CPU.ActiveCfg = Debug|Any CPU
		{6DDDBA8F-83B5-4E94-AB7F-5935C08EDC7A}.Debug|Any CPU.Build.0 = Debug|Any CPU
		{6DDDBA8F-83B5-4E94-AB7F-5935C08EDC7A}.Release|Any CPU.ActiveCfg = Release|Any CPU
		{6DDDBA8F-83B5-4E94-AB7F-5935C08EDC7A}.Release|Any CPU.Build.0 = Release|Any CPU
		{558FC341-D641-4CEE-A073-D1433D456567}.Debug|Any CPU.ActiveCfg = Debug|Any CPU
		{558FC341-D641-4CEE-A073-D1433D456567}.Debug|Any CPU.Build.0 = Debug|Any CPU
		{558FC341-D641-4CEE-A073-D1433D456567}.Release|Any CPU.ActiveCfg = Release|Any CPU
		{558FC341-D641-4CEE-A073-D1433D456567}.Release|Any CPU.Build.0 = Release|Any CPU
	EndGlobalSection
	GlobalSection(SolutionProperties) = preSolution
		HideSolutionNode = FALSE
	EndGlobalSection
	GlobalSection(ExtensibilityGlobals) = postSolution
		SolutionGuid = {2AFEA84A-F967-41DE-B7C3-B0C22E12D0F0}
	EndGlobalSection
EndGlobal
