
Microsoft Visual Studio Solution File, Format Version 12.00
# Visual Studio 15
VisualStudioVersion = 15.0.28307.329
MinimumVisualStudioVersion = 10.0.40219.1
Project("{FAE04EC0-301F-11D3-BF4B-00C04F79EFBC}") = "Problem0003", "..\Problem0003\Problem0003\Problem0003.csproj", "{6DDDBA8F-83B5-4E94-AB7F-5935C08EDC7A}"
EndProject
Project("{9A19103F-16F7-4668-BE54-9A1E7A4F7556}") = "Problem0003.UnitTests", "..\Problem0003\Problem0003.UnitTests\Problem0003.UnitTests.csproj", "{BA76E69F-11C9-4943-946E-C4B67E85CAF3}"
EndProject
Project("{9A19103F-16F7-4668-BE54-9A1E7A4F7556}") = "Problem0007.Tests", "Problem0007.Tests\Problem0007.Tests.csproj", "{491A6845-26F5-49FF-82DA-CBB66496CCAF}"
EndProject
Project("{FAE04EC0-301F-11D3-BF4B-00C04F79EFBC}") = "Problem0007", "Problem0007\Problem0007.csproj", "{F52F03F3-949B-4A70-8822-8699AAB42EB6}"
EndProject
Global
	GlobalSection(SolutionConfigurationPlatforms) = preSolution
		Debug|Any CPU = Debug|Any CPU
		Release|Any CPU = Release|Any CPU
	EndGlobalSection
	GlobalSection(ProjectConfigurationPlatforms) = postSolution
		{6DDDBA8F-83B5-4E94-AB7F-5935C08EDC7A}.Debug|Any CPU.ActiveCfg = Debug|Any CPU
		{6DDDBA8F-83B5-4E94-AB7F-5935C08EDC7A}.Debug|Any CPU.Build.0 = Debug|Any CPU
		{6DDDBA8F-83B5-4E94-AB7F-5935C08EDC7A}.Release|Any CPU.ActiveCfg = Release|Any CPU
		{6DDDBA8F-83B5-4E94-AB7F-5935C08EDC7A}.Release|Any CPU.Build.0 = Release|Any CPU
		{BA76E69F-11C9-4943-946E-C4B67E85CAF3}.Debug|Any CPU.ActiveCfg = Debug|Any CPU
		{BA76E69F-11C9-4943-946E-C4B67E85CAF3}.Debug|Any CPU.Build.0 = Debug|Any CPU
		{BA76E69F-11C9-4943-946E-C4B67E85CAF3}.Release|Any CPU.ActiveCfg = Release|Any CPU
		{BA76E69F-11C9-4943-946E-C4B67E85CAF3}.Release|Any CPU.Build.0 = Release|Any CPU
		{491A6845-26F5-49FF-82DA-CBB66496CCAF}.Debug|Any CPU.ActiveCfg = Debug|Any CPU
		{491A6845-26F5-49FF-82DA-CBB66496CCAF}.Debug|Any CPU.Build.0 = Debug|Any CPU
		{491A6845-26F5-49FF-82DA-CBB66496CCAF}.Release|Any CPU.ActiveCfg = Release|Any CPU
		{491A6845-26F5-49FF-82DA-CBB66496CCAF}.Release|Any CPU.Build.0 = Release|Any CPU
		{F52F03F3-949B-4A70-8822-8699AAB42EB6}.Debug|Any CPU.ActiveCfg = Debug|Any CPU
		{F52F03F3-949B-4A70-8822-8699AAB42EB6}.Debug|Any CPU.Build.0 = Debug|Any CPU
		{F52F03F3-949B-4A70-8822-8699AAB42EB6}.Release|Any CPU.ActiveCfg = Release|Any CPU
		{F52F03F3-949B-4A70-8822-8699AAB42EB6}.Release|Any CPU.Build.0 = Release|Any CPU
	EndGlobalSection
	GlobalSection(SolutionProperties) = preSolution
		HideSolutionNode = FALSE
	EndGlobalSection
	GlobalSection(ExtensibilityGlobals) = postSolution
		SolutionGuid = {D503B6F1-E0C9-4BD8-A1E7-167687D41DB2}
	EndGlobalSection
EndGlobal
