
Microsoft Visual Studio Solution File, Format Version 12.00
# Visual Studio 15
VisualStudioVersion = 15.0.28010.2046
MinimumVisualStudioVersion = 10.0.40219.1
Project("{FAE04EC0-301F-11D3-BF4B-00C04F79EFBC}") = "Problem01", "Problem01\Problem01.csproj", "{D28C6B19-DC4C-469C-B9EA-B648DAC3252C}"
EndProject
Global
	GlobalSection(SolutionConfigurationPlatforms) = preSolution
		Debug|Any CPU = Debug|Any CPU
		Release|Any CPU = Release|Any CPU
	EndGlobalSection
	GlobalSection(ProjectConfigurationPlatforms) = postSolution
		{D28C6B19-DC4C-469C-B9EA-B648DAC3252C}.Debug|Any CPU.ActiveCfg = Debug|Any CPU
		{D28C6B19-DC4C-469C-B9EA-B648DAC3252C}.Debug|Any CPU.Build.0 = Debug|Any CPU
		{D28C6B19-DC4C-469C-B9EA-B648DAC3252C}.Release|Any CPU.ActiveCfg = Release|Any CPU
		{D28C6B19-DC4C-469C-B9EA-B648DAC3252C}.Release|Any CPU.Build.0 = Release|Any CPU
	EndGlobalSection
	GlobalSection(SolutionProperties) = preSolution
		HideSolutionNode = FALSE
	EndGlobalSection
	GlobalSection(ExtensibilityGlobals) = postSolution
		SolutionGuid = {34543D73-2FFF-49F7-87F5-972607327752}
	EndGlobalSection
EndGlobal
