
Microsoft Visual Studio Solution File, Format Version 12.00
# Visual Studio 15
VisualStudioVersion = 15.0.28010.2046
MinimumVisualStudioVersion = 10.0.40219.1
Project("{FAE04EC0-301F-11D3-BF4B-00C04F79EFBC}") = "Problem0004", "Problem0004\Problem0004.csproj", "{2ABF6CBA-E519-42BA-ACC9-B76E29223152}"
EndProject
Project("{FAE04EC0-301F-11D3-BF4B-00C04F79EFBC}") = "Problem0004.UnitTests", "Problem0004.UnitTests\Problem0004.UnitTests.csproj", "{A419C53A-4A73-47E2-9B1B-07215DFA9B27}"
EndProject
Global
	GlobalSection(SolutionConfigurationPlatforms) = preSolution
		Debug|Any CPU = Debug|Any CPU
		Release|Any CPU = Release|Any CPU
	EndGlobalSection
	GlobalSection(ProjectConfigurationPlatforms) = postSolution
		{2ABF6CBA-E519-42BA-ACC9-B76E29223152}.Debug|Any CPU.ActiveCfg = Debug|Any CPU
		{2ABF6CBA-E519-42BA-ACC9-B76E29223152}.Debug|Any CPU.Build.0 = Debug|Any CPU
		{2ABF6CBA-E519-42BA-ACC9-B76E29223152}.Release|Any CPU.ActiveCfg = Release|Any CPU
		{2ABF6CBA-E519-42BA-ACC9-B76E29223152}.Release|Any CPU.Build.0 = Release|Any CPU
		{A419C53A-4A73-47E2-9B1B-07215DFA9B27}.Debug|Any CPU.ActiveCfg = Debug|Any CPU
		{A419C53A-4A73-47E2-9B1B-07215DFA9B27}.Debug|Any CPU.Build.0 = Debug|Any CPU
		{A419C53A-4A73-47E2-9B1B-07215DFA9B27}.Release|Any CPU.ActiveCfg = Release|Any CPU
		{A419C53A-4A73-47E2-9B1B-07215DFA9B27}.Release|Any CPU.Build.0 = Release|Any CPU
	EndGlobalSection
	GlobalSection(SolutionProperties) = preSolution
		HideSolutionNode = FALSE
	EndGlobalSection
	GlobalSection(ExtensibilityGlobals) = postSolution
		SolutionGuid = {17C85286-C332-45AC-B47A-424E0C3F0CE1}
	EndGlobalSection
EndGlobal
