
Microsoft Visual Studio Solution File, Format Version 12.00
# Visual Studio 15
VisualStudioVersion = 15.0.28010.2046
MinimumVisualStudioVersion = 10.0.40219.1
Project("{FAE04EC0-301F-11D3-BF4B-00C04F79EFBC}") = "Problem0002", "Problem0002\Problem0002.csproj", "{A91517D8-2F53-4711-B940-E02DBE67EDF9}"
EndProject
Global
	GlobalSection(SolutionConfigurationPlatforms) = preSolution
		Debug|Any CPU = Debug|Any CPU
		Release|Any CPU = Release|Any CPU
	EndGlobalSection
	GlobalSection(ProjectConfigurationPlatforms) = postSolution
		{A91517D8-2F53-4711-B940-E02DBE67EDF9}.Debug|Any CPU.ActiveCfg = Debug|Any CPU
		{A91517D8-2F53-4711-B940-E02DBE67EDF9}.Debug|Any CPU.Build.0 = Debug|Any CPU
		{A91517D8-2F53-4711-B940-E02DBE67EDF9}.Release|Any CPU.ActiveCfg = Release|Any CPU
		{A91517D8-2F53-4711-B940-E02DBE67EDF9}.Release|Any CPU.Build.0 = Release|Any CPU
	EndGlobalSection
	GlobalSection(SolutionProperties) = preSolution
		HideSolutionNode = FALSE
	EndGlobalSection
	GlobalSection(ExtensibilityGlobals) = postSolution
		SolutionGuid = {FB94C5FE-5F0B-4D0E-8065-BE3BF02168A6}
	EndGlobalSection
EndGlobal
